// !$*UTF8*$!
{
	archiveVersion = 1;
	classes = {
	};
	objectVersion = 53;
	objects = {

/* Begin PBXBuildFile section */
		4112DD422836C52200856737 /* AppDelegate.swift in Sources */ = {isa = PBXBuildFile; fileRef = 4112DD412836C52200856737 /* AppDelegate.swift */; };
		4112DD442836C52200856737 /* SceneDelegate.swift in Sources */ = {isa = PBXBuildFile; fileRef = 4112DD432836C52200856737 /* SceneDelegate.swift */; };
		4112DD4C2836C52200856737 /* shop_it.xcdatamodeld in Sources */ = {isa = PBXBuildFile; fileRef = 4112DD4A2836C52200856737 /* shop_it.xcdatamodeld */; };
		4112DD4E2836C52500856737 /* Assets.xcassets in Resources */ = {isa = PBXBuildFile; fileRef = 4112DD4D2836C52500856737 /* Assets.xcassets */; };
		4112DD512836C52500856737 /* LaunchScreen.storyboard in Resources */ = {isa = PBXBuildFile; fileRef = 4112DD4F2836C52500856737 /* LaunchScreen.storyboard */; };
		4112DD5C2836C52500856737 /* shop_itTests.swift in Sources */ = {isa = PBXBuildFile; fileRef = 4112DD5B2836C52500856737 /* shop_itTests.swift */; };
		4112DD662836C52500856737 /* shop_itUITests.swift in Sources */ = {isa = PBXBuildFile; fileRef = 4112DD652836C52500856737 /* shop_itUITests.swift */; };
		4112DD682836C52500856737 /* shop_itUITestsLaunchTests.swift in Sources */ = {isa = PBXBuildFile; fileRef = 4112DD672836C52500856737 /* shop_itUITestsLaunchTests.swift */; };
		4140F25F283B028D00CCD22B /* Tabbar.swift in Sources */ = {isa = PBXBuildFile; fileRef = 4140F25E283B028D00CCD22B /* Tabbar.swift */; };
		41995D6C28396CDF00658C42 /* CoreDataServices.swift in Sources */ = {isa = PBXBuildFile; fileRef = 41995D6B28396CDF00658C42 /* CoreDataServices.swift */; };
		41995D6F28396CF700658C42 /* NetworkServices.swift in Sources */ = {isa = PBXBuildFile; fileRef = 41995D6E28396CF700658C42 /* NetworkServices.swift */; };
		41995D7228396D1B00658C42 /* Product.swift in Sources */ = {isa = PBXBuildFile; fileRef = 41995D7128396D1B00658C42 /* Product.swift */; };
		41995D7428396D5100658C42 /* Order.swift in Sources */ = {isa = PBXBuildFile; fileRef = 41995D7328396D5100658C42 /* Order.swift */; };
		41995D7628396D8200658C42 /* Brand.swift in Sources */ = {isa = PBXBuildFile; fileRef = 41995D7528396D8200658C42 /* Brand.swift */; };
		41995D7A28396DED00658C42 /* ProductDetailsViewModel.swift in Sources */ = {isa = PBXBuildFile; fileRef = 41995D7928396DED00658C42 /* ProductDetailsViewModel.swift */; };
		41995D7D28396FDE00658C42 /* RegisterationViewModel.swift in Sources */ = {isa = PBXBuildFile; fileRef = 41995D7C28396FDE00658C42 /* RegisterationViewModel.swift */; };
		41995D8028396FFA00658C42 /* LoginViewModel.swift in Sources */ = {isa = PBXBuildFile; fileRef = 41995D7F28396FFA00658C42 /* LoginViewModel.swift */; };
		41995D832839701900658C42 /* HomeViewModel.swift in Sources */ = {isa = PBXBuildFile; fileRef = 41995D822839701900658C42 /* HomeViewModel.swift */; };
		41995D862839762C00658C42 /* CategorieViewModel.swift in Sources */ = {isa = PBXBuildFile; fileRef = 41995D852839762C00658C42 /* CategorieViewModel.swift */; };
		41995D892839764B00658C42 /* OrdersViewModel.swift in Sources */ = {isa = PBXBuildFile; fileRef = 41995D882839764B00658C42 /* OrdersViewModel.swift */; };
		41995D8C2839766E00658C42 /* ProductsViewModel.swift in Sources */ = {isa = PBXBuildFile; fileRef = 41995D8B2839766E00658C42 /* ProductsViewModel.swift */; };
		41995D962839789700658C42 /* RegisterationVc.swift in Sources */ = {isa = PBXBuildFile; fileRef = 41995D942839789700658C42 /* RegisterationVc.swift */; };
		41995D972839789700658C42 /* RegisterationVc.xib in Resources */ = {isa = PBXBuildFile; fileRef = 41995D952839789700658C42 /* RegisterationVc.xib */; };
		41995D9A283978BE00658C42 /* LoginVc.swift in Sources */ = {isa = PBXBuildFile; fileRef = 41995D98283978BE00658C42 /* LoginVc.swift */; };
		41995D9B283978BE00658C42 /* LoginVc.xib in Resources */ = {isa = PBXBuildFile; fileRef = 41995D99283978BE00658C42 /* LoginVc.xib */; };
		41995D9E283978D500658C42 /* ProductDetailsVc.swift in Sources */ = {isa = PBXBuildFile; fileRef = 41995D9C283978D500658C42 /* ProductDetailsVc.swift */; };
		41995D9F283978D500658C42 /* ProductDetailsVc.xib in Resources */ = {isa = PBXBuildFile; fileRef = 41995D9D283978D500658C42 /* ProductDetailsVc.xib */; };
		41995DA22839790700658C42 /* ProfileVc.swift in Sources */ = {isa = PBXBuildFile; fileRef = 41995DA02839790700658C42 /* ProfileVc.swift */; };
		41995DA32839790700658C42 /* ProfileVc.xib in Resources */ = {isa = PBXBuildFile; fileRef = 41995DA12839790700658C42 /* ProfileVc.xib */; };
		41995DA62839791F00658C42 /* CategoryVc.swift in Sources */ = {isa = PBXBuildFile; fileRef = 41995DA42839791F00658C42 /* CategoryVc.swift */; };
		41995DA72839791F00658C42 /* CategoryVc.xib in Resources */ = {isa = PBXBuildFile; fileRef = 41995DA52839791F00658C42 /* CategoryVc.xib */; };
		41995DAA2839793600658C42 /* HomeVc.swift in Sources */ = {isa = PBXBuildFile; fileRef = 41995DA82839793600658C42 /* HomeVc.swift */; };
		41995DAB2839793600658C42 /* HomeVc.xib in Resources */ = {isa = PBXBuildFile; fileRef = 41995DA92839793600658C42 /* HomeVc.xib */; };
		41995DAF2839797200658C42 /* URLs.swift in Sources */ = {isa = PBXBuildFile; fileRef = 41995DAE2839797200658C42 /* URLs.swift */; };
		41995DB328397A1900658C42 /* User.swift in Sources */ = {isa = PBXBuildFile; fileRef = 41995DB228397A1900658C42 /* User.swift */; };
		41995DB528397A6400658C42 /* Category.swift in Sources */ = {isa = PBXBuildFile; fileRef = 41995DB428397A6400658C42 /* Category.swift */; };
		41995DB928397AAC00658C42 /* WishListVc.swift in Sources */ = {isa = PBXBuildFile; fileRef = 41995DB728397AAC00658C42 /* WishListVc.swift */; };
		41995DBA28397AAC00658C42 /* WishListVc.xib in Resources */ = {isa = PBXBuildFile; fileRef = 41995DB828397AAC00658C42 /* WishListVc.xib */; };
		41995DBD28397AD000658C42 /* WishListViewModel.swift in Sources */ = {isa = PBXBuildFile; fileRef = 41995DBC28397AD000658C42 /* WishListViewModel.swift */; };
/* End PBXBuildFile section */

/* Begin PBXContainerItemProxy section */
		4112DD582836C52500856737 /* PBXContainerItemProxy */ = {
			isa = PBXContainerItemProxy;
			containerPortal = 4112DD362836C52200856737 /* Project object */;
			proxyType = 1;
			remoteGlobalIDString = 4112DD3D2836C52200856737;
			remoteInfo = "shop-it";
		};
		4112DD622836C52500856737 /* PBXContainerItemProxy */ = {
			isa = PBXContainerItemProxy;
			containerPortal = 4112DD362836C52200856737 /* Project object */;
			proxyType = 1;
			remoteGlobalIDString = 4112DD3D2836C52200856737;
			remoteInfo = "shop-it";
		};
/* End PBXContainerItemProxy section */

/* Begin PBXFileReference section */
		4112DD3E2836C52200856737 /* shop-it.app */ = {isa = PBXFileReference; explicitFileType = wrapper.application; includeInIndex = 0; path = "shop-it.app"; sourceTree = BUILT_PRODUCTS_DIR; };
		4112DD412836C52200856737 /* AppDelegate.swift */ = {isa = PBXFileReference; lastKnownFileType = sourcecode.swift; path = AppDelegate.swift; sourceTree = "<group>"; };
		4112DD432836C52200856737 /* SceneDelegate.swift */ = {isa = PBXFileReference; lastKnownFileType = sourcecode.swift; path = SceneDelegate.swift; sourceTree = "<group>"; };
		4112DD4B2836C52200856737 /* shop_it.xcdatamodel */ = {isa = PBXFileReference; lastKnownFileType = wrapper.xcdatamodel; path = shop_it.xcdatamodel; sourceTree = "<group>"; };
		4112DD4D2836C52500856737 /* Assets.xcassets */ = {isa = PBXFileReference; lastKnownFileType = folder.assetcatalog; path = Assets.xcassets; sourceTree = "<group>"; };
		4112DD502836C52500856737 /* Base */ = {isa = PBXFileReference; lastKnownFileType = file.storyboard; name = Base; path = Base.lproj/LaunchScreen.storyboard; sourceTree = "<group>"; };
		4112DD522836C52500856737 /* Info.plist */ = {isa = PBXFileReference; lastKnownFileType = text.plist.xml; path = Info.plist; sourceTree = "<group>"; };
		4112DD572836C52500856737 /* shop-itTests.xctest */ = {isa = PBXFileReference; explicitFileType = wrapper.cfbundle; includeInIndex = 0; path = "shop-itTests.xctest"; sourceTree = BUILT_PRODUCTS_DIR; };
		4112DD5B2836C52500856737 /* shop_itTests.swift */ = {isa = PBXFileReference; lastKnownFileType = sourcecode.swift; path = shop_itTests.swift; sourceTree = "<group>"; };
		4112DD612836C52500856737 /* shop-itUITests.xctest */ = {isa = PBXFileReference; explicitFileType = wrapper.cfbundle; includeInIndex = 0; path = "shop-itUITests.xctest"; sourceTree = BUILT_PRODUCTS_DIR; };
		4112DD652836C52500856737 /* shop_itUITests.swift */ = {isa = PBXFileReference; lastKnownFileType = sourcecode.swift; path = shop_itUITests.swift; sourceTree = "<group>"; };
		4112DD672836C52500856737 /* shop_itUITestsLaunchTests.swift */ = {isa = PBXFileReference; lastKnownFileType = sourcecode.swift; path = shop_itUITestsLaunchTests.swift; sourceTree = "<group>"; };
		4140F25E283B028D00CCD22B /* Tabbar.swift */ = {isa = PBXFileReference; lastKnownFileType = sourcecode.swift; path = Tabbar.swift; sourceTree = "<group>"; };
		41995D6B28396CDF00658C42 /* CoreDataServices.swift */ = {isa = PBXFileReference; lastKnownFileType = sourcecode.swift; path = CoreDataServices.swift; sourceTree = "<group>"; };
		41995D6E28396CF700658C42 /* NetworkServices.swift */ = {isa = PBXFileReference; lastKnownFileType = sourcecode.swift; path = NetworkServices.swift; sourceTree = "<group>"; };
		41995D7128396D1B00658C42 /* Product.swift */ = {isa = PBXFileReference; lastKnownFileType = sourcecode.swift; path = Product.swift; sourceTree = "<group>"; };
		41995D7328396D5100658C42 /* Order.swift */ = {isa = PBXFileReference; lastKnownFileType = sourcecode.swift; path = Order.swift; sourceTree = "<group>"; };
		41995D7528396D8200658C42 /* Brand.swift */ = {isa = PBXFileReference; lastKnownFileType = sourcecode.swift; path = Brand.swift; sourceTree = "<group>"; };
		41995D7928396DED00658C42 /* ProductDetailsViewModel.swift */ = {isa = PBXFileReference; lastKnownFileType = sourcecode.swift; path = ProductDetailsViewModel.swift; sourceTree = "<group>"; };
		41995D7C28396FDE00658C42 /* RegisterationViewModel.swift */ = {isa = PBXFileReference; lastKnownFileType = sourcecode.swift; path = RegisterationViewModel.swift; sourceTree = "<group>"; };
		41995D7F28396FFA00658C42 /* LoginViewModel.swift */ = {isa = PBXFileReference; lastKnownFileType = sourcecode.swift; path = LoginViewModel.swift; sourceTree = "<group>"; };
		41995D822839701900658C42 /* HomeViewModel.swift */ = {isa = PBXFileReference; lastKnownFileType = sourcecode.swift; path = HomeViewModel.swift; sourceTree = "<group>"; };
		41995D852839762C00658C42 /* CategorieViewModel.swift */ = {isa = PBXFileReference; lastKnownFileType = sourcecode.swift; path = CategorieViewModel.swift; sourceTree = "<group>"; };
		41995D882839764B00658C42 /* OrdersViewModel.swift */ = {isa = PBXFileReference; lastKnownFileType = sourcecode.swift; path = OrdersViewModel.swift; sourceTree = "<group>"; };
		41995D8B2839766E00658C42 /* ProductsViewModel.swift */ = {isa = PBXFileReference; lastKnownFileType = sourcecode.swift; path = ProductsViewModel.swift; sourceTree = "<group>"; };
		41995D942839789700658C42 /* RegisterationVc.swift */ = {isa = PBXFileReference; lastKnownFileType = sourcecode.swift; path = RegisterationVc.swift; sourceTree = "<group>"; };
		41995D952839789700658C42 /* RegisterationVc.xib */ = {isa = PBXFileReference; lastKnownFileType = file.xib; path = RegisterationVc.xib; sourceTree = "<group>"; };
		41995D98283978BE00658C42 /* LoginVc.swift */ = {isa = PBXFileReference; lastKnownFileType = sourcecode.swift; path = LoginVc.swift; sourceTree = "<group>"; };
		41995D99283978BE00658C42 /* LoginVc.xib */ = {isa = PBXFileReference; lastKnownFileType = file.xib; path = LoginVc.xib; sourceTree = "<group>"; };
		41995D9C283978D500658C42 /* ProductDetailsVc.swift */ = {isa = PBXFileReference; lastKnownFileType = sourcecode.swift; path = ProductDetailsVc.swift; sourceTree = "<group>"; };
		41995D9D283978D500658C42 /* ProductDetailsVc.xib */ = {isa = PBXFileReference; lastKnownFileType = file.xib; path = ProductDetailsVc.xib; sourceTree = "<group>"; };
		41995DA02839790700658C42 /* ProfileVc.swift */ = {isa = PBXFileReference; lastKnownFileType = sourcecode.swift; path = ProfileVc.swift; sourceTree = "<group>"; };
		41995DA12839790700658C42 /* ProfileVc.xib */ = {isa = PBXFileReference; lastKnownFileType = file.xib; path = ProfileVc.xib; sourceTree = "<group>"; };
		41995DA42839791F00658C42 /* CategoryVc.swift */ = {isa = PBXFileReference; lastKnownFileType = sourcecode.swift; path = CategoryVc.swift; sourceTree = "<group>"; };
		41995DA52839791F00658C42 /* CategoryVc.xib */ = {isa = PBXFileReference; lastKnownFileType = file.xib; path = CategoryVc.xib; sourceTree = "<group>"; };
		41995DA82839793600658C42 /* HomeVc.swift */ = {isa = PBXFileReference; lastKnownFileType = sourcecode.swift; path = HomeVc.swift; sourceTree = "<group>"; };
		41995DA92839793600658C42 /* HomeVc.xib */ = {isa = PBXFileReference; lastKnownFileType = file.xib; path = HomeVc.xib; sourceTree = "<group>"; };
		41995DAE2839797200658C42 /* URLs.swift */ = {isa = PBXFileReference; lastKnownFileType = sourcecode.swift; path = URLs.swift; sourceTree = "<group>"; };
		41995DB228397A1900658C42 /* User.swift */ = {isa = PBXFileReference; lastKnownFileType = sourcecode.swift; path = User.swift; sourceTree = "<group>"; };
		41995DB428397A6400658C42 /* Category.swift */ = {isa = PBXFileReference; lastKnownFileType = sourcecode.swift; path = Category.swift; sourceTree = "<group>"; };
		41995DB728397AAC00658C42 /* WishListVc.swift */ = {isa = PBXFileReference; lastKnownFileType = sourcecode.swift; path = WishListVc.swift; sourceTree = "<group>"; };
		41995DB828397AAC00658C42 /* WishListVc.xib */ = {isa = PBXFileReference; lastKnownFileType = file.xib; path = WishListVc.xib; sourceTree = "<group>"; };
		41995DBC28397AD000658C42 /* WishListViewModel.swift */ = {isa = PBXFileReference; lastKnownFileType = sourcecode.swift; path = WishListViewModel.swift; sourceTree = "<group>"; };
/* End PBXFileReference section */

/* Begin PBXFrameworksBuildPhase section */
		4112DD3B2836C52200856737 /* Frameworks */ = {
			isa = PBXFrameworksBuildPhase;
			buildActionMask = 2147483647;
			files = (
			);
			runOnlyForDeploymentPostprocessing = 0;
		};
		4112DD542836C52500856737 /* Frameworks */ = {
			isa = PBXFrameworksBuildPhase;
			buildActionMask = 2147483647;
			files = (
			);
			runOnlyForDeploymentPostprocessing = 0;
		};
		4112DD5E2836C52500856737 /* Frameworks */ = {
			isa = PBXFrameworksBuildPhase;
			buildActionMask = 2147483647;
			files = (
			);
			runOnlyForDeploymentPostprocessing = 0;
		};
/* End PBXFrameworksBuildPhase section */

/* Begin PBXGroup section */
		4112DD352836C52200856737 = {
			isa = PBXGroup;
			children = (
				4112DD402836C52200856737 /* shop-it */,
				4112DD5A2836C52500856737 /* shop-itTests */,
				4112DD642836C52500856737 /* shop-itUITests */,
				4112DD3F2836C52200856737 /* Products */,
			);
			sourceTree = "<group>";
		};
		4112DD3F2836C52200856737 /* Products */ = {
			isa = PBXGroup;
			children = (
				4112DD3E2836C52200856737 /* shop-it.app */,
				4112DD572836C52500856737 /* shop-itTests.xctest */,
				4112DD612836C52500856737 /* shop-itUITests.xctest */,
			);
			name = Products;
			sourceTree = "<group>";
		};
		4112DD402836C52200856737 /* shop-it */ = {
			isa = PBXGroup;
			children = (
				4112DD522836C52500856737 /* Info.plist */,
				41995DB1283979B700658C42 /* Resources */,
				41995DB02839799100658C42 /* Delegate */,
				41995DAC2839795000658C42 /* Constants */,
				41995D8D2839780B00658C42 /* View */,
				41995D7728396DD400658C42 /* ViewModel */,
				41995D6928396CBC00658C42 /* Model */,
			);
			path = "shop-it";
			sourceTree = "<group>";
		};
		4112DD5A2836C52500856737 /* shop-itTests */ = {
			isa = PBXGroup;
			children = (
				4112DD5B2836C52500856737 /* shop_itTests.swift */,
			);
			path = "shop-itTests";
			sourceTree = "<group>";
		};
		4112DD642836C52500856737 /* shop-itUITests */ = {
			isa = PBXGroup;
			children = (
				4112DD652836C52500856737 /* shop_itUITests.swift */,
				4112DD672836C52500856737 /* shop_itUITestsLaunchTests.swift */,
			);
			path = "shop-itUITests";
			sourceTree = "<group>";
		};
		41995D6928396CBC00658C42 /* Model */ = {
			isa = PBXGroup;
			children = (
				41995D7028396D0500658C42 /* Ponso */,
				41995D6D28396CED00658C42 /* NetworkServices */,
				41995D6A28396CCF00658C42 /* CoreDataServices */,
			);
			path = Model;
			sourceTree = "<group>";
		};
		41995D6A28396CCF00658C42 /* CoreDataServices */ = {
			isa = PBXGroup;
			children = (
				41995D6B28396CDF00658C42 /* CoreDataServices.swift */,
			);
			path = CoreDataServices;
			sourceTree = "<group>";
		};
		41995D6D28396CED00658C42 /* NetworkServices */ = {
			isa = PBXGroup;
			children = (
				41995D6E28396CF700658C42 /* NetworkServices.swift */,
			);
			path = NetworkServices;
			sourceTree = "<group>";
		};
		41995D7028396D0500658C42 /* Ponso */ = {
			isa = PBXGroup;
			children = (
				41995D7128396D1B00658C42 /* Product.swift */,
				41995D7328396D5100658C42 /* Order.swift */,
				41995D7528396D8200658C42 /* Brand.swift */,
				41995DB228397A1900658C42 /* User.swift */,
				41995DB428397A6400658C42 /* Category.swift */,
			);
			path = Ponso;
			sourceTree = "<group>";
		};
		41995D7728396DD400658C42 /* ViewModel */ = {
			isa = PBXGroup;
			children = (
				41995DBB28397ABA00658C42 /* WishListViewModel */,
				41995D8A2839766300658C42 /* ProductsViewModel */,
				41995D872839764200658C42 /* OrdersViewModel */,
				41995D842839761C00658C42 /* CategorieViewModel */,
				41995D812839701000658C42 /* HomeViewModel */,
				41995D7E28396FF100658C42 /* LoginViewModel */,
				41995D7B28396FD400658C42 /* RegisterationViewModel */,
				41995D7828396DE200658C42 /* ProductDetailsViewModel */,
			);
			path = ViewModel;
			sourceTree = "<group>";
		};
		41995D7828396DE200658C42 /* ProductDetailsViewModel */ = {
			isa = PBXGroup;
			children = (
				41995D7928396DED00658C42 /* ProductDetailsViewModel.swift */,
			);
			path = ProductDetailsViewModel;
			sourceTree = "<group>";
		};
		41995D7B28396FD400658C42 /* RegisterationViewModel */ = {
			isa = PBXGroup;
			children = (
				41995D7C28396FDE00658C42 /* RegisterationViewModel.swift */,
			);
			path = RegisterationViewModel;
			sourceTree = "<group>";
		};
		41995D7E28396FF100658C42 /* LoginViewModel */ = {
			isa = PBXGroup;
			children = (
				41995D7F28396FFA00658C42 /* LoginViewModel.swift */,
			);
			path = LoginViewModel;
			sourceTree = "<group>";
		};
		41995D812839701000658C42 /* HomeViewModel */ = {
			isa = PBXGroup;
			children = (
				41995D822839701900658C42 /* HomeViewModel.swift */,
			);
			path = HomeViewModel;
			sourceTree = "<group>";
		};
		41995D842839761C00658C42 /* CategorieViewModel */ = {
			isa = PBXGroup;
			children = (
				41995D852839762C00658C42 /* CategorieViewModel.swift */,
			);
			path = CategorieViewModel;
			sourceTree = "<group>";
		};
		41995D872839764200658C42 /* OrdersViewModel */ = {
			isa = PBXGroup;
			children = (
				41995D882839764B00658C42 /* OrdersViewModel.swift */,
			);
			path = OrdersViewModel;
			sourceTree = "<group>";
		};
		41995D8A2839766300658C42 /* ProductsViewModel */ = {
			isa = PBXGroup;
			children = (
				41995D8B2839766E00658C42 /* ProductsViewModel.swift */,
			);
			path = ProductsViewModel;
			sourceTree = "<group>";
		};
		41995D8D2839780B00658C42 /* View */ = {
			isa = PBXGroup;
			children = (
				4140F25E283B028D00CCD22B /* Tabbar.swift */,
				41995D8E2839781F00658C42 /* Home */,
				41995D8F2839782D00658C42 /* Category */,
				41995D902839783800658C42 /* Profile */,
				41995DB628397A8B00658C42 /* WishList */,
				41995D932839786500658C42 /* Registeration */,
				41995D922839785A00658C42 /* Login */,
				41995D912839784300658C42 /* ProductDetails */,
			);
			path = View;
			sourceTree = "<group>";
		};
		41995D8E2839781F00658C42 /* Home */ = {
			isa = PBXGroup;
			children = (
				41995DA82839793600658C42 /* HomeVc.swift */,
				41995DA92839793600658C42 /* HomeVc.xib */,
			);
			path = Home;
			sourceTree = "<group>";
		};
		41995D8F2839782D00658C42 /* Category */ = {
			isa = PBXGroup;
			children = (
				41995DA42839791F00658C42 /* CategoryVc.swift */,
				41995DA52839791F00658C42 /* CategoryVc.xib */,
			);
			path = Category;
			sourceTree = "<group>";
		};
		41995D902839783800658C42 /* Profile */ = {
			isa = PBXGroup;
			children = (
				41995DA02839790700658C42 /* ProfileVc.swift */,
				41995DA12839790700658C42 /* ProfileVc.xib */,
			);
			path = Profile;
			sourceTree = "<group>";
		};
		41995D912839784300658C42 /* ProductDetails */ = {
			isa = PBXGroup;
			children = (
				41995D9C283978D500658C42 /* ProductDetailsVc.swift */,
				41995D9D283978D500658C42 /* ProductDetailsVc.xib */,
			);
			path = ProductDetails;
			sourceTree = "<group>";
		};
		41995D922839785A00658C42 /* Login */ = {
			isa = PBXGroup;
			children = (
				41995D98283978BE00658C42 /* LoginVc.swift */,
				41995D99283978BE00658C42 /* LoginVc.xib */,
			);
			path = Login;
			sourceTree = "<group>";
		};
		41995D932839786500658C42 /* Registeration */ = {
			isa = PBXGroup;
			children = (
				41995D942839789700658C42 /* RegisterationVc.swift */,
				41995D952839789700658C42 /* RegisterationVc.xib */,
			);
			path = Registeration;
			sourceTree = "<group>";
		};
		41995DAC2839795000658C42 /* Constants */ = {
			isa = PBXGroup;
			children = (
				41995DAD2839795D00658C42 /* URLs */,
			);
			path = Constants;
			sourceTree = "<group>";
		};
		41995DAD2839795D00658C42 /* URLs */ = {
			isa = PBXGroup;
			children = (
				41995DAE2839797200658C42 /* URLs.swift */,
			);
			path = URLs;
			sourceTree = "<group>";
		};
		41995DB02839799100658C42 /* Delegate */ = {
			isa = PBXGroup;
			children = (
				4112DD412836C52200856737 /* AppDelegate.swift */,
				4112DD432836C52200856737 /* SceneDelegate.swift */,
			);
			path = Delegate;
			sourceTree = "<group>";
		};
		41995DB1283979B700658C42 /* Resources */ = {
			isa = PBXGroup;
			children = (
				4112DD4A2836C52200856737 /* shop_it.xcdatamodeld */,
				4112DD4D2836C52500856737 /* Assets.xcassets */,
				4112DD4F2836C52500856737 /* LaunchScreen.storyboard */,
			);
			path = Resources;
			sourceTree = "<group>";
		};
		41995DB628397A8B00658C42 /* WishList */ = {
			isa = PBXGroup;
			children = (
				41995DB728397AAC00658C42 /* WishListVc.swift */,
				41995DB828397AAC00658C42 /* WishListVc.xib */,
			);
			path = WishList;
			sourceTree = "<group>";
		};
		41995DBB28397ABA00658C42 /* WishListViewModel */ = {
			isa = PBXGroup;
			children = (
				41995DBC28397AD000658C42 /* WishListViewModel.swift */,
			);
			path = WishListViewModel;
			sourceTree = "<group>";
		};
/* End PBXGroup section */

/* Begin PBXNativeTarget section */
		4112DD3D2836C52200856737 /* shop-it */ = {
			isa = PBXNativeTarget;
			buildConfigurationList = 4112DD6B2836C52500856737 /* Build configuration list for PBXNativeTarget "shop-it" */;
			buildPhases = (
				4112DD3A2836C52200856737 /* Sources */,
				4112DD3B2836C52200856737 /* Frameworks */,
				4112DD3C2836C52200856737 /* Resources */,
			);
			buildRules = (
			);
			dependencies = (
			);
			name = "shop-it";
			productName = "shop-it";
			productReference = 4112DD3E2836C52200856737 /* shop-it.app */;
			productType = "com.apple.product-type.application";
		};
		4112DD562836C52500856737 /* shop-itTests */ = {
			isa = PBXNativeTarget;
			buildConfigurationList = 4112DD6E2836C52500856737 /* Build configuration list for PBXNativeTarget "shop-itTests" */;
			buildPhases = (
				4112DD532836C52500856737 /* Sources */,
				4112DD542836C52500856737 /* Frameworks */,
				4112DD552836C52500856737 /* Resources */,
			);
			buildRules = (
			);
			dependencies = (
				4112DD592836C52500856737 /* PBXTargetDependency */,
			);
			name = "shop-itTests";
			productName = "shop-itTests";
			productReference = 4112DD572836C52500856737 /* shop-itTests.xctest */;
			productType = "com.apple.product-type.bundle.unit-test";
		};
		4112DD602836C52500856737 /* shop-itUITests */ = {
			isa = PBXNativeTarget;
			buildConfigurationList = 4112DD712836C52500856737 /* Build configuration list for PBXNativeTarget "shop-itUITests" */;
			buildPhases = (
				4112DD5D2836C52500856737 /* Sources */,
				4112DD5E2836C52500856737 /* Frameworks */,
				4112DD5F2836C52500856737 /* Resources */,
			);
			buildRules = (
			);
			dependencies = (
				4112DD632836C52500856737 /* PBXTargetDependency */,
			);
			name = "shop-itUITests";
			productName = "shop-itUITests";
			productReference = 4112DD612836C52500856737 /* shop-itUITests.xctest */;
			productType = "com.apple.product-type.bundle.ui-testing";
		};
/* End PBXNativeTarget section */

/* Begin PBXProject section */
		4112DD362836C52200856737 /* Project object */ = {
			isa = PBXProject;
			attributes = {
				BuildIndependentTargetsInParallel = 1;
				LastSwiftUpdateCheck = 1330;
				LastUpgradeCheck = 1330;
				TargetAttributes = {
					4112DD3D2836C52200856737 = {
						CreatedOnToolsVersion = 13.3.1;
					};
					4112DD562836C52500856737 = {
						CreatedOnToolsVersion = 13.3.1;
						TestTargetID = 4112DD3D2836C52200856737;
					};
					4112DD602836C52500856737 = {
						CreatedOnToolsVersion = 13.3.1;
						TestTargetID = 4112DD3D2836C52200856737;
					};
				};
			};
			buildConfigurationList = 4112DD392836C52200856737 /* Build configuration list for PBXProject "shop-it" */;
			compatibilityVersion = "Xcode 11.0";
			developmentRegion = en;
			hasScannedForEncodings = 0;
			knownRegions = (
				en,
				Base,
			);
			mainGroup = 4112DD352836C52200856737;
			productRefGroup = 4112DD3F2836C52200856737 /* Products */;
			projectDirPath = "";
			projectRoot = "";
			targets = (
				4112DD3D2836C52200856737 /* shop-it */,
				4112DD562836C52500856737 /* shop-itTests */,
				4112DD602836C52500856737 /* shop-itUITests */,
			);
		};
/* End PBXProject section */

/* Begin PBXResourcesBuildPhase section */
		4112DD3C2836C52200856737 /* Resources */ = {
			isa = PBXResourcesBuildPhase;
			buildActionMask = 2147483647;
			files = (
				41995DA32839790700658C42 /* ProfileVc.xib in Resources */,
				4112DD512836C52500856737 /* LaunchScreen.storyboard in Resources */,
				41995DAB2839793600658C42 /* HomeVc.xib in Resources */,
				41995DBA28397AAC00658C42 /* WishListVc.xib in Resources */,
				41995D972839789700658C42 /* RegisterationVc.xib in Resources */,
				4112DD4E2836C52500856737 /* Assets.xcassets in Resources */,
				41995D9F283978D500658C42 /* ProductDetailsVc.xib in Resources */,
				41995D9B283978BE00658C42 /* LoginVc.xib in Resources */,
				41995DA72839791F00658C42 /* CategoryVc.xib in Resources */,
			);
			runOnlyForDeploymentPostprocessing = 0;
		};
		4112DD552836C52500856737 /* Resources */ = {
			isa = PBXResourcesBuildPhase;
			buildActionMask = 2147483647;
			files = (
			);
			runOnlyForDeploymentPostprocessing = 0;
		};
		4112DD5F2836C52500856737 /* Resources */ = {
			isa = PBXResourcesBuildPhase;
			buildActionMask = 2147483647;
			files = (
			);
			runOnlyForDeploymentPostprocessing = 0;
		};
/* End PBXResourcesBuildPhase section */

/* Begin PBXSourcesBuildPhase section */
		4112DD3A2836C52200856737 /* Sources */ = {
			isa = PBXSourcesBuildPhase;
			buildActionMask = 2147483647;
			files = (
				41995D6F28396CF700658C42 /* NetworkServices.swift in Sources */,
				41995DAA2839793600658C42 /* HomeVc.swift in Sources */,
				41995D7D28396FDE00658C42 /* RegisterationViewModel.swift in Sources */,
				41995D8C2839766E00658C42 /* ProductsViewModel.swift in Sources */,
				41995D7A28396DED00658C42 /* ProductDetailsViewModel.swift in Sources */,
				41995D7628396D8200658C42 /* Brand.swift in Sources */,
				41995D892839764B00658C42 /* OrdersViewModel.swift in Sources */,
				4140F25F283B028D00CCD22B /* Tabbar.swift in Sources */,
				41995D7428396D5100658C42 /* Order.swift in Sources */,
				41995D862839762C00658C42 /* CategorieViewModel.swift in Sources */,
				4112DD422836C52200856737 /* AppDelegate.swift in Sources */,
				41995D962839789700658C42 /* RegisterationVc.swift in Sources */,
				41995D9E283978D500658C42 /* ProductDetailsVc.swift in Sources */,
				41995DB928397AAC00658C42 /* WishListVc.swift in Sources */,
				4112DD4C2836C52200856737 /* shop_it.xcdatamodeld in Sources */,
				41995D832839701900658C42 /* HomeViewModel.swift in Sources */,
				41995DA62839791F00658C42 /* CategoryVc.swift in Sources */,
				41995DB528397A6400658C42 /* Category.swift in Sources */,
				41995DAF2839797200658C42 /* URLs.swift in Sources */,
				41995D8028396FFA00658C42 /* LoginViewModel.swift in Sources */,
				41995D9A283978BE00658C42 /* LoginVc.swift in Sources */,
				41995DBD28397AD000658C42 /* WishListViewModel.swift in Sources */,
				41995DA22839790700658C42 /* ProfileVc.swift in Sources */,
				41995DB328397A1900658C42 /* User.swift in Sources */,
				41995D6C28396CDF00658C42 /* CoreDataServices.swift in Sources */,
				4112DD442836C52200856737 /* SceneDelegate.swift in Sources */,
				41995D7228396D1B00658C42 /* Product.swift in Sources */,
			);
			runOnlyForDeploymentPostprocessing = 0;
		};
		4112DD532836C52500856737 /* Sources */ = {
			isa = PBXSourcesBuildPhase;
			buildActionMask = 2147483647;
			files = (
				4112DD5C2836C52500856737 /* shop_itTests.swift in Sources */,
			);
			runOnlyForDeploymentPostprocessing = 0;
		};
		4112DD5D2836C52500856737 /* Sources */ = {
			isa = PBXSourcesBuildPhase;
			buildActionMask = 2147483647;
			files = (
				4112DD662836C52500856737 /* shop_itUITests.swift in Sources */,
				4112DD682836C52500856737 /* shop_itUITestsLaunchTests.swift in Sources */,
			);
			runOnlyForDeploymentPostprocessing = 0;
		};
/* End PBXSourcesBuildPhase section */

/* Begin PBXTargetDependency section */
		4112DD592836C52500856737 /* PBXTargetDependency */ = {
			isa = PBXTargetDependency;
			target = 4112DD3D2836C52200856737 /* shop-it */;
			targetProxy = 4112DD582836C52500856737 /* PBXContainerItemProxy */;
		};
		4112DD632836C52500856737 /* PBXTargetDependency */ = {
			isa = PBXTargetDependency;
			target = 4112DD3D2836C52200856737 /* shop-it */;
			targetProxy = 4112DD622836C52500856737 /* PBXContainerItemProxy */;
		};
/* End PBXTargetDependency section */

/* Begin PBXVariantGroup section */
		4112DD4F2836C52500856737 /* LaunchScreen.storyboard */ = {
			isa = PBXVariantGroup;
			children = (
				4112DD502836C52500856737 /* Base */,
			);
			name = LaunchScreen.storyboard;
			sourceTree = "<group>";
		};
/* End PBXVariantGroup section */

/* Begin XCBuildConfiguration section */
		4112DD692836C52500856737 /* Debug */ = {
			isa = XCBuildConfiguration;
			buildSettings = {
				ALWAYS_SEARCH_USER_PATHS = NO;
				CLANG_ANALYZER_NONNULL = YES;
				CLANG_ANALYZER_NUMBER_OBJECT_CONVERSION = YES_AGGRESSIVE;
				CLANG_CXX_LANGUAGE_STANDARD = "gnu++17";
				CLANG_ENABLE_MODULES = YES;
				CLANG_ENABLE_OBJC_ARC = YES;
				CLANG_ENABLE_OBJC_WEAK = YES;
				CLANG_WARN_BLOCK_CAPTURE_AUTORELEASING = YES;
				CLANG_WARN_BOOL_CONVERSION = YES;
				CLANG_WARN_COMMA = YES;
				CLANG_WARN_CONSTANT_CONVERSION = YES;
				CLANG_WARN_DEPRECATED_OBJC_IMPLEMENTATIONS = YES;
				CLANG_WARN_DIRECT_OBJC_ISA_USAGE = YES_ERROR;
				CLANG_WARN_DOCUMENTATION_COMMENTS = YES;
				CLANG_WARN_EMPTY_BODY = YES;
				CLANG_WARN_ENUM_CONVERSION = YES;
				CLANG_WARN_INFINITE_RECURSION = YES;
				CLANG_WARN_INT_CONVERSION = YES;
				CLANG_WARN_NON_LITERAL_NULL_CONVERSION = YES;
				CLANG_WARN_OBJC_IMPLICIT_RETAIN_SELF = YES;
				CLANG_WARN_OBJC_LITERAL_CONVERSION = YES;
				CLANG_WARN_OBJC_ROOT_CLASS = YES_ERROR;
				CLANG_WARN_QUOTED_INCLUDE_IN_FRAMEWORK_HEADER = YES;
				CLANG_WARN_RANGE_LOOP_ANALYSIS = YES;
				CLANG_WARN_STRICT_PROTOTYPES = YES;
				CLANG_WARN_SUSPICIOUS_MOVE = YES;
				CLANG_WARN_UNGUARDED_AVAILABILITY = YES_AGGRESSIVE;
				CLANG_WARN_UNREACHABLE_CODE = YES;
				CLANG_WARN__DUPLICATE_METHOD_MATCH = YES;
				COPY_PHASE_STRIP = NO;
				DEBUG_INFORMATION_FORMAT = dwarf;
				ENABLE_STRICT_OBJC_MSGSEND = YES;
				ENABLE_TESTABILITY = YES;
				GCC_C_LANGUAGE_STANDARD = gnu11;
				GCC_DYNAMIC_NO_PIC = NO;
				GCC_NO_COMMON_BLOCKS = YES;
				GCC_OPTIMIZATION_LEVEL = 0;
				GCC_PREPROCESSOR_DEFINITIONS = (
					"DEBUG=1",
					"$(inherited)",
				);
				GCC_WARN_64_TO_32_BIT_CONVERSION = YES;
				GCC_WARN_ABOUT_RETURN_TYPE = YES_ERROR;
				GCC_WARN_UNDECLARED_SELECTOR = YES;
				GCC_WARN_UNINITIALIZED_AUTOS = YES_AGGRESSIVE;
				GCC_WARN_UNUSED_FUNCTION = YES;
				GCC_WARN_UNUSED_VARIABLE = YES;
				IPHONEOS_DEPLOYMENT_TARGET = 10.0;
				MTL_ENABLE_DEBUG_INFO = INCLUDE_SOURCE;
				MTL_FAST_MATH = YES;
				ONLY_ACTIVE_ARCH = YES;
				SDKROOT = iphoneos;
				SWIFT_ACTIVE_COMPILATION_CONDITIONS = DEBUG;
				SWIFT_OPTIMIZATION_LEVEL = "-Onone";
			};
			name = Debug;
		};
		4112DD6A2836C52500856737 /* Release */ = {
			isa = XCBuildConfiguration;
			buildSettings = {
				ALWAYS_SEARCH_USER_PATHS = NO;
				CLANG_ANALYZER_NONNULL = YES;
				CLANG_ANALYZER_NUMBER_OBJECT_CONVERSION = YES_AGGRESSIVE;
				CLANG_CXX_LANGUAGE_STANDARD = "gnu++17";
				CLANG_ENABLE_MODULES = YES;
				CLANG_ENABLE_OBJC_ARC = YES;
				CLANG_ENABLE_OBJC_WEAK = YES;
				CLANG_WARN_BLOCK_CAPTURE_AUTORELEASING = YES;
				CLANG_WARN_BOOL_CONVERSION = YES;
				CLANG_WARN_COMMA = YES;
				CLANG_WARN_CONSTANT_CONVERSION = YES;
				CLANG_WARN_DEPRECATED_OBJC_IMPLEMENTATIONS = YES;
				CLANG_WARN_DIRECT_OBJC_ISA_USAGE = YES_ERROR;
				CLANG_WARN_DOCUMENTATION_COMMENTS = YES;
				CLANG_WARN_EMPTY_BODY = YES;
				CLANG_WARN_ENUM_CONVERSION = YES;
				CLANG_WARN_INFINITE_RECURSION = YES;
				CLANG_WARN_INT_CONVERSION = YES;
				CLANG_WARN_NON_LITERAL_NULL_CONVERSION = YES;
				CLANG_WARN_OBJC_IMPLICIT_RETAIN_SELF = YES;
				CLANG_WARN_OBJC_LITERAL_CONVERSION = YES;
				CLANG_WARN_OBJC_ROOT_CLASS = YES_ERROR;
				CLANG_WARN_QUOTED_INCLUDE_IN_FRAMEWORK_HEADER = YES;
				CLANG_WARN_RANGE_LOOP_ANALYSIS = YES;
				CLANG_WARN_STRICT_PROTOTYPES = YES;
				CLANG_WARN_SUSPICIOUS_MOVE = YES;
				CLANG_WARN_UNGUARDED_AVAILABILITY = YES_AGGRESSIVE;
				CLANG_WARN_UNREACHABLE_CODE = YES;
				CLANG_WARN__DUPLICATE_METHOD_MATCH = YES;
				COPY_PHASE_STRIP = NO;
				DEBUG_INFORMATION_FORMAT = "dwarf-with-dsym";
				ENABLE_NS_ASSERTIONS = NO;
				ENABLE_STRICT_OBJC_MSGSEND = YES;
				GCC_C_LANGUAGE_STANDARD = gnu11;
				GCC_NO_COMMON_BLOCKS = YES;
				GCC_WARN_64_TO_32_BIT_CONVERSION = YES;
				GCC_WARN_ABOUT_RETURN_TYPE = YES_ERROR;
				GCC_WARN_UNDECLARED_SELECTOR = YES;
				GCC_WARN_UNINITIALIZED_AUTOS = YES_AGGRESSIVE;
				GCC_WARN_UNUSED_FUNCTION = YES;
				GCC_WARN_UNUSED_VARIABLE = YES;
				IPHONEOS_DEPLOYMENT_TARGET = 10.0;
				MTL_ENABLE_DEBUG_INFO = NO;
				MTL_FAST_MATH = YES;
				SDKROOT = iphoneos;
				SWIFT_COMPILATION_MODE = wholemodule;
				SWIFT_OPTIMIZATION_LEVEL = "-O";
				VALIDATE_PRODUCT = YES;
			};
			name = Release;
		};
		4112DD6C2836C52500856737 /* Debug */ = {
			isa = XCBuildConfiguration;
			buildSettings = {
				ASSETCATALOG_COMPILER_APPICON_NAME = AppIcon;
				ASSETCATALOG_COMPILER_GLOBAL_ACCENT_COLOR_NAME = AccentColor;
				CODE_SIGN_STYLE = Automatic;
				CURRENT_PROJECT_VERSION = 1;
				GENERATE_INFOPLIST_FILE = YES;
				INFOPLIST_FILE = "shop-it/Info.plist";
				INFOPLIST_KEY_UIApplicationSupportsIndirectInputEvents = YES;
				INFOPLIST_KEY_UILaunchStoryboardName = LaunchScreen;
				INFOPLIST_KEY_UISupportedInterfaceOrientations_iPad = "UIInterfaceOrientationPortrait UIInterfaceOrientationPortraitUpsideDown UIInterfaceOrientationLandscapeLeft UIInterfaceOrientationLandscapeRight";
				INFOPLIST_KEY_UISupportedInterfaceOrientations_iPhone = "UIInterfaceOrientationPortrait UIInterfaceOrientationLandscapeLeft UIInterfaceOrientationLandscapeRight";
				LD_RUNPATH_SEARCH_PATHS = (
					"$(inherited)",
					"@executable_path/Frameworks",
				);
				MARKETING_VERSION = 1.0;
				PRODUCT_BUNDLE_IDENTIFIER = "iti.shop-it";
				PRODUCT_NAME = "$(TARGET_NAME)";
				SWIFT_EMIT_LOC_STRINGS = YES;
				SWIFT_VERSION = 5.0;
				TARGETED_DEVICE_FAMILY = "1,2";
			};
			name = Debug;
		};
		4112DD6D2836C52500856737 /* Release */ = {
			isa = XCBuildConfiguration;
			buildSettings = {
				ASSETCATALOG_COMPILER_APPICON_NAME = AppIcon;
				ASSETCATALOG_COMPILER_GLOBAL_ACCENT_COLOR_NAME = AccentColor;
				CODE_SIGN_STYLE = Automatic;
				CURRENT_PROJECT_VERSION = 1;
				GENERATE_INFOPLIST_FILE = YES;
				INFOPLIST_FILE = "shop-it/Info.plist";
				INFOPLIST_KEY_UIApplicationSupportsIndirectInputEvents = YES;
				INFOPLIST_KEY_UILaunchStoryboardName = LaunchScreen;
				INFOPLIST_KEY_UISupportedInterfaceOrientations_iPad = "UIInterfaceOrientationPortrait UIInterfaceOrientationPortraitUpsideDown UIInterfaceOrientationLandscapeLeft UIInterfaceOrientationLandscapeRight";
				INFOPLIST_KEY_UISupportedInterfaceOrientations_iPhone = "UIInterfaceOrientationPortrait UIInterfaceOrientationLandscapeLeft UIInterfaceOrientationLandscapeRight";
				LD_RUNPATH_SEARCH_PATHS = (
					"$(inherited)",
					"@executable_path/Frameworks",
				);
				MARKETING_VERSION = 1.0;
				PRODUCT_BUNDLE_IDENTIFIER = "iti.shop-it";
				PRODUCT_NAME = "$(TARGET_NAME)";
				SWIFT_EMIT_LOC_STRINGS = YES;
				SWIFT_VERSION = 5.0;
				TARGETED_DEVICE_FAMILY = "1,2";
			};
			name = Release;
		};
		4112DD6F2836C52500856737 /* Debug */ = {
			isa = XCBuildConfiguration;
			buildSettings = {
				ALWAYS_EMBED_SWIFT_STANDARD_LIBRARIES = YES;
				BUNDLE_LOADER = "$(TEST_HOST)";
				CODE_SIGN_STYLE = Automatic;
				CURRENT_PROJECT_VERSION = 1;
				GENERATE_INFOPLIST_FILE = YES;
				IPHONEOS_DEPLOYMENT_TARGET = 15.4;
				MARKETING_VERSION = 1.0;
				PRODUCT_BUNDLE_IDENTIFIER = "iti.shop-itTests";
				PRODUCT_NAME = "$(TARGET_NAME)";
				SWIFT_EMIT_LOC_STRINGS = NO;
				SWIFT_VERSION = 5.0;
				TARGETED_DEVICE_FAMILY = "1,2";
				TEST_HOST = "$(BUILT_PRODUCTS_DIR)/shop-it.app/shop-it";
			};
			name = Debug;
		};
		4112DD702836C52500856737 /* Release */ = {
			isa = XCBuildConfiguration;
			buildSettings = {
				ALWAYS_EMBED_SWIFT_STANDARD_LIBRARIES = YES;
				BUNDLE_LOADER = "$(TEST_HOST)";
				CODE_SIGN_STYLE = Automatic;
				CURRENT_PROJECT_VERSION = 1;
				GENERATE_INFOPLIST_FILE = YES;
				IPHONEOS_DEPLOYMENT_TARGET = 15.4;
				MARKETING_VERSION = 1.0;
				PRODUCT_BUNDLE_IDENTIFIER = "iti.shop-itTests";
				PRODUCT_NAME = "$(TARGET_NAME)";
				SWIFT_EMIT_LOC_STRINGS = NO;
				SWIFT_VERSION = 5.0;
				TARGETED_DEVICE_FAMILY = "1,2";
				TEST_HOST = "$(BUILT_PRODUCTS_DIR)/shop-it.app/shop-it";
			};
			name = Release;
		};
		4112DD722836C52500856737 /* Debug */ = {
			isa = XCBuildConfiguration;
			buildSettings = {
				ALWAYS_EMBED_SWIFT_STANDARD_LIBRARIES = YES;
				CODE_SIGN_STYLE = Automatic;
				CURRENT_PROJECT_VERSION = 1;
				GENERATE_INFOPLIST_FILE = YES;
				MARKETING_VERSION = 1.0;
				PRODUCT_BUNDLE_IDENTIFIER = "iti.shop-itUITests";
				PRODUCT_NAME = "$(TARGET_NAME)";
				SWIFT_EMIT_LOC_STRINGS = NO;
				SWIFT_VERSION = 5.0;
				TARGETED_DEVICE_FAMILY = "1,2";
				TEST_TARGET_NAME = "shop-it";
			};
			name = Debug;
		};
		4112DD732836C52500856737 /* Release */ = {
			isa = XCBuildConfiguration;
			buildSettings = {
				ALWAYS_EMBED_SWIFT_STANDARD_LIBRARIES = YES;
				CODE_SIGN_STYLE = Automatic;
				CURRENT_PROJECT_VERSION = 1;
				GENERATE_INFOPLIST_FILE = YES;
				MARKETING_VERSION = 1.0;
				PRODUCT_BUNDLE_IDENTIFIER = "iti.shop-itUITests";
				PRODUCT_NAME = "$(TARGET_NAME)";
				SWIFT_EMIT_LOC_STRINGS = NO;
				SWIFT_VERSION = 5.0;
				TARGETED_DEVICE_FAMILY = "1,2";
				TEST_TARGET_NAME = "shop-it";
			};
			name = Release;
		};
/* End XCBuildConfiguration section */

/* Begin XCConfigurationList section */
		4112DD392836C52200856737 /* Build configuration list for PBXProject "shop-it" */ = {
			isa = XCConfigurationList;
			buildConfigurations = (
				4112DD692836C52500856737 /* Debug */,
				4112DD6A2836C52500856737 /* Release */,
			);
			defaultConfigurationIsVisible = 0;
			defaultConfigurationName = Release;
		};
		4112DD6B2836C52500856737 /* Build configuration list for PBXNativeTarget "shop-it" */ = {
			isa = XCConfigurationList;
			buildConfigurations = (
				4112DD6C2836C52500856737 /* Debug */,
				4112DD6D2836C52500856737 /* Release */,
			);
			defaultConfigurationIsVisible = 0;
			defaultConfigurationName = Release;
		};
		4112DD6E2836C52500856737 /* Build configuration list for PBXNativeTarget "shop-itTests" */ = {
			isa = XCConfigurationList;
			buildConfigurations = (
				4112DD6F2836C52500856737 /* Debug */,
				4112DD702836C52500856737 /* Release */,
			);
			defaultConfigurationIsVisible = 0;
			defaultConfigurationName = Release;
		};
		4112DD712836C52500856737 /* Build configuration list for PBXNativeTarget "shop-itUITests" */ = {
			isa = XCConfigurationList;
			buildConfigurations = (
				4112DD722836C52500856737 /* Debug */,
				4112DD732836C52500856737 /* Release */,
			);
			defaultConfigurationIsVisible = 0;
			defaultConfigurationName = Release;
		};
/* End XCConfigurationList section */

/* Begin XCVersionGroup section */
		4112DD4A2836C52200856737 /* shop_it.xcdatamodeld */ = {
			isa = XCVersionGroup;
			children = (
				4112DD4B2836C52200856737 /* shop_it.xcdatamodel */,
			);
			currentVersion = 4112DD4B2836C52200856737 /* shop_it.xcdatamodel */;
			path = shop_it.xcdatamodeld;
			sourceTree = "<group>";
			versionGroupType = wrapper.xcdatamodel;
		};
/* End XCVersionGroup section */
	};
	rootObject = 4112DD362836C52200856737 /* Project object */;
}
